// !$*UTF8*$!
{
	archiveVersion = 1;
	classes = {
	};
	objectVersion = 46;
	objects = {

/* Begin PBXBuildFile section */
		9176AD7C1CBFAAEA0053D0BC /* AppDelegate.swift in Sources */ = {isa = PBXBuildFile; fileRef = 9176AD7B1CBFAAEA0053D0BC /* AppDelegate.swift */; };
		9176AD7E1CBFAAEA0053D0BC /* ViewController.swift in Sources */ = {isa = PBXBuildFile; fileRef = 9176AD7D1CBFAAEA0053D0BC /* ViewController.swift */; };
		9176AD811CBFAAEA0053D0BC /* Main.storyboard in Resources */ = {isa = PBXBuildFile; fileRef = 9176AD7F1CBFAAEA0053D0BC /* Main.storyboard */; };
		9176AD831CBFAAEA0053D0BC /* Assets.xcassets in Resources */ = {isa = PBXBuildFile; fileRef = 9176AD821CBFAAEA0053D0BC /* Assets.xcassets */; };
		9176AD861CBFAAEA0053D0BC /* LaunchScreen.storyboard in Resources */ = {isa = PBXBuildFile; fileRef = 9176AD841CBFAAEA0053D0BC /* LaunchScreen.storyboard */; };
		91FC00AF1CC086F400A79E85 /* Minecraft.ttf in Resources */ = {isa = PBXBuildFile; fileRef = 91FC00AE1CC086F400A79E85 /* Minecraft.ttf */; };
		91FC00B11CC092EE00A79E85 /* btn.wav in Resources */ = {isa = PBXBuildFile; fileRef = 91FC00B01CC092EE00A79E85 /* btn.wav */; };
/* End PBXBuildFile section */

/* Begin PBXFileReference section */
		9176AD781CBFAAEA0053D0BC /* Retro Calculator.app */ = {isa = PBXFileReference; explicitFileType = wrapper.application; includeInIndex = 0; path = "Retro Calculator.app"; sourceTree = BUILT_PRODUCTS_DIR; };
		9176AD7B1CBFAAEA0053D0BC /* AppDelegate.swift */ = {isa = PBXFileReference; lastKnownFileType = sourcecode.swift; path = AppDelegate.swift; sourceTree = "<group>"; };
		9176AD7D1CBFAAEA0053D0BC /* ViewController.swift */ = {isa = PBXFileReference; lastKnownFileType = sourcecode.swift; path = ViewController.swift; sourceTree = "<group>"; };
		9176AD801CBFAAEA0053D0BC /* Base */ = {isa = PBXFileReference; lastKnownFileType = file.storyboard; name = Base; path = Base.lproj/Main.storyboard; sourceTree = "<group>"; };
		9176AD821CBFAAEA0053D0BC /* Assets.xcassets */ = {isa = PBXFileReference; lastKnownFileType = folder.assetcatalog; path = Assets.xcassets; sourceTree = "<group>"; };
		9176AD851CBFAAEA0053D0BC /* Base */ = {isa = PBXFileReference; lastKnownFileType = file.storyboard; name = Base; path = Base.lproj/LaunchScreen.storyboard; sourceTree = "<group>"; };
		9176AD871CBFAAEA0053D0BC /* Info.plist */ = {isa = PBXFileReference; lastKnownFileType = text.plist.xml; path = Info.plist; sourceTree = "<group>"; };
		91FC00AE1CC086F400A79E85 /* Minecraft.ttf */ = {isa = PBXFileReference; lastKnownFileType = file; path = Minecraft.ttf; sourceTree = "<group>"; };
		91FC00B01CC092EE00A79E85 /* btn.wav */ = {isa = PBXFileReference; lastKnownFileType = audio.wav; path = btn.wav; sourceTree = "<group>"; };
/* End PBXFileReference section */

/* Begin PBXFrameworksBuildPhase section */
		9176AD751CBFAAEA0053D0BC /* Frameworks */ = {
			isa = PBXFrameworksBuildPhase;
			buildActionMask = 2147483647;
			files = (
			);
			runOnlyForDeploymentPostprocessing = 0;
		};
/* End PBXFrameworksBuildPhase section */

/* Begin PBXGroup section */
		9176AD6F1CBFAAEA0053D0BC = {
			isa = PBXGroup;
			children = (
				9176AD7A1CBFAAEA0053D0BC /* Retro Calculator */,
				9176AD791CBFAAEA0053D0BC /* Products */,
			);
			sourceTree = "<group>";
		};
		9176AD791CBFAAEA0053D0BC /* Products */ = {
			isa = PBXGroup;
			children = (
				9176AD781CBFAAEA0053D0BC /* Retro Calculator.app */,
			);
			name = Products;
			sourceTree = "<group>";
		};
		9176AD7A1CBFAAEA0053D0BC /* Retro Calculator */ = {
			isa = PBXGroup;
			children = (
				91FC00B01CC092EE00A79E85 /* btn.wav */,
				91FC00AE1CC086F400A79E85 /* Minecraft.ttf */,
				9176AD7B1CBFAAEA0053D0BC /* AppDelegate.swift */,
				9176AD7D1CBFAAEA0053D0BC /* ViewController.swift */,
				9176AD7F1CBFAAEA0053D0BC /* Main.storyboard */,
				9176AD821CBFAAEA0053D0BC /* Assets.xcassets */,
				9176AD841CBFAAEA0053D0BC /* LaunchScreen.storyboard */,
				9176AD871CBFAAEA0053D0BC /* Info.plist */,
			);
			path = "Retro Calculator";
			sourceTree = "<group>";
		};
/* End PBXGroup section */

/* Begin PBXNativeTarget section */
		9176AD771CBFAAEA0053D0BC /* Retro Calculator */ = {
			isa = PBXNativeTarget;
			buildConfigurationList = 9176AD8A1CBFAAEA0053D0BC /* Build configuration list for PBXNativeTarget "Retro Calculator" */;
			buildPhases = (
				9176AD741CBFAAEA0053D0BC /* Sources */,
				9176AD751CBFAAEA0053D0BC /* Frameworks */,
				9176AD761CBFAAEA0053D0BC /* Resources */,
			);
			buildRules = (
			);
			dependencies = (
			);
			name = "Retro Calculator";
			productName = "Retro Calculator";
			productReference = 9176AD781CBFAAEA0053D0BC /* Retro Calculator.app */;
			productType = "com.apple.product-type.application";
		};
/* End PBXNativeTarget section */

/* Begin PBXProject section */
		9176AD701CBFAAEA0053D0BC /* Project object */ = {
			isa = PBXProject;
			attributes = {
				LastSwiftUpdateCheck = 0730;
				LastUpgradeCheck = 0730;
				ORGANIZATIONNAME = "Sean Perez";
				TargetAttributes = {
					9176AD771CBFAAEA0053D0BC = {
						CreatedOnToolsVersion = 7.3;
					};
				};
			};
			buildConfigurationList = 9176AD731CBFAAEA0053D0BC /* Build configuration list for PBXProject "Retro Calculator" */;
			compatibilityVersion = "Xcode 3.2";
			developmentRegion = English;
			hasScannedForEncodings = 0;
			knownRegions = (
				en,
				Base,
			);
			mainGroup = 9176AD6F1CBFAAEA0053D0BC;
			productRefGroup = 9176AD791CBFAAEA0053D0BC /* Products */;
			projectDirPath = "";
			projectRoot = "";
			targets = (
				9176AD771CBFAAEA0053D0BC /* Retro Calculator */,
			);
		};
/* End PBXProject section */

/* Begin PBXResourcesBuildPhase section */
		9176AD761CBFAAEA0053D0BC /* Resources */ = {
			isa = PBXResourcesBuildPhase;
			buildActionMask = 2147483647;
			files = (
				91FC00B11CC092EE00A79E85 /* btn.wav in Resources */,
				9176AD861CBFAAEA0053D0BC /* LaunchScreen.storyboard in Resources */,
				9176AD831CBFAAEA0053D0BC /* Assets.xcassets in Resources */,
				91FC00AF1CC086F400A79E85 /* Minecraft.ttf in Resources */,
				9176AD811CBFAAEA0053D0BC /* Main.storyboard in Resources */,
			);
			runOnlyForDeploymentPostprocessing = 0;
		};
/* End PBXResourcesBuildPhase section */

/* Begin PBXSourcesBuildPhase section */
		9176AD741CBFAAEA0053D0BC /* Sources */ = {
			isa = PBXSourcesBuildPhase;
			buildActionMask = 2147483647;
			files = (
				9176AD7E1CBFAAEA0053D0BC /* ViewController.swift in Sources */,
				9176AD7C1CBFAAEA0053D0BC /* AppDelegate.swift in Sources */,
			);
			runOnlyForDeploymentPostprocessing = 0;
		};
/* End PBXSourcesBuildPhase section */

/* Begin PBXVariantGroup section */
		9176AD7F1CBFAAEA0053D0BC /* Main.storyboard */ = {
			isa = PBXVariantGroup;
			children = (
				9176AD801CBFAAEA0053D0BC /* Base */,
			);
			name = Main.storyboard;
			sourceTree = "<group>";
		};
		9176AD841CBFAAEA0053D0BC /* LaunchScreen.storyboard */ = {
			isa = PBXVariantGroup;
			children = (
				9176AD851CBFAAEA0053D0BC /* Base */,
			);
			name = LaunchScreen.storyboard;
			sourceTree = "<group>";
		};
/* End PBXVariantGroup section */

/* Begin XCBuildConfiguration section */
		9176AD881CBFAAEA0053D0BC /* Debug */ = {
			isa = XCBuildConfiguration;
			buildSettings = {
				ALWAYS_SEARCH_USER_PATHS = NO;
				CLANG_ANALYZER_NONNULL = YES;
				CLANG_CXX_LANGUAGE_STANDARD = "gnu++0x";
				CLANG_CXX_LIBRARY = "libc++";
				CLANG_ENABLE_MODULES = YES;
				CLANG_ENABLE_OBJC_ARC = YES;
				CLANG_WARN_BOOL_CONVERSION = YES;
				CLANG_WARN_CONSTANT_CONVERSION = YES;
				CLANG_WARN_DIRECT_OBJC_ISA_USAGE = YES_ERROR;
				CLANG_WARN_EMPTY_BODY = YES;
				CLANG_WARN_ENUM_CONVERSION = YES;
				CLANG_WARN_INT_CONVERSION = YES;
				CLANG_WARN_OBJC_ROOT_CLASS = YES_ERROR;
				CLANG_WARN_UNREACHABLE_CODE = YES;
				CLANG_WARN__DUPLICATE_METHOD_MATCH = YES;
				"CODE_SIGN_IDENTITY[sdk=iphoneos*]" = "iPhone Developer";
				COPY_PHASE_STRIP = NO;
				DEBUG_INFORMATION_FORMAT = dwarf;
				ENABLE_STRICT_OBJC_MSGSEND = YES;
				ENABLE_TESTABILITY = YES;
				GCC_C_LANGUAGE_STANDARD = gnu99;
				GCC_DYNAMIC_NO_PIC = NO;
				GCC_NO_COMMON_BLOCKS = YES;
				GCC_OPTIMIZATION_LEVEL = 0;
				GCC_PREPROCESSOR_DEFINITIONS = (
					"DEBUG=1",
					"$(inherited)",
				);
				GCC_WARN_64_TO_32_BIT_CONVERSION = YES;
				GCC_WARN_ABOUT_RETURN_TYPE = YES_ERROR;
				GCC_WARN_UNDECLARED_SELECTOR = YES;
				GCC_WARN_UNINITIALIZED_AUTOS = YES_AGGRESSIVE;
				GCC_WARN_UNUSED_FUNCTION = YES;
				GCC_WARN_UNUSED_VARIABLE = YES;
				IPHONEOS_DEPLOYMENT_TARGET = 9.3;
				MTL_ENABLE_DEBUG_INFO = YES;
				ONLY_ACTIVE_ARCH = YES;
				SDKROOT = iphoneos;
				SWIFT_OPTIMIZATION_LEVEL = "-Onone";
				TARGETED_DEVICE_FAMILY = "1,2";
			};
			name = Debug;
		};
		9176AD891CBFAAEA0053D0BC /* Release */ = {
			isa = XCBuildConfiguration;
			buildSettings = {
				ALWAYS_SEARCH_USER_PATHS = NO;
				CLANG_ANALYZER_NONNULL = YES;
				CLANG_CXX_LANGUAGE_STANDARD = "gnu++0x";
				CLANG_CXX_LIBRARY = "libc++";
				CLANG_ENABLE_MODULES = YES;
				CLANG_ENABLE_OBJC_ARC = YES;
				CLANG_WARN_BOOL_CONVERSION = YES;
				CLANG_WARN_CONSTANT_CONVERSION = YES;
				CLANG_WARN_DIRECT_OBJC_ISA_USAGE = YES_ERROR;
				CLANG_WARN_EMPTY_BODY = YES;
				CLANG_WARN_ENUM_CONVERSION = YES;
				CLANG_WARN_INT_CONVERSION = YES;
				CLANG_WARN_OBJC_ROOT_CLASS = YES_ERROR;
				CLANG_WARN_UNREACHABLE_CODE = YES;
				CLANG_WARN__DUPLICATE_METHOD_MATCH = YES;
				"CODE_SIGN_IDENTITY[sdk=iphoneos*]" = "iPhone Developer";
				COPY_PHASE_STRIP = NO;
				DEBUG_INFORMATION_FORMAT = "dwarf-with-dsym";
				ENABLE_NS_ASSERTIONS = NO;
				ENABLE_STRICT_OBJC_MSGSEND = YES;
				GCC_C_LANGUAGE_STANDARD = gnu99;
				GCC_NO_COMMON_BLOCKS = YES;
				GCC_WARN_64_TO_32_BIT_CONVERSION = YES;
				GCC_WARN_ABOUT_RETURN_TYPE = YES_ERROR;
				GCC_WARN_UNDECLARED_SELECTOR = YES;
				GCC_WARN_UNINITIALIZED_AUTOS = YES_AGGRESSIVE;
				GCC_WARN_UNUSED_FUNCTION = YES;
				GCC_WARN_UNUSED_VARIABLE = YES;
				IPHONEOS_DEPLOYMENT_TARGET = 9.3;
				MTL_ENABLE_DEBUG_INFO = NO;
				SDKROOT = iphoneos;
				TARGETED_DEVICE_FAMILY = "1,2";
				VALIDATE_PRODUCT = YES;
			};
			name = Release;
		};
		9176AD8B1CBFAAEA0053D0BC /* Debug */ = {
			isa = XCBuildConfiguration;
			buildSettings = {
				ASSETCATALOG_COMPILER_APPICON_NAME = AppIcon;
				INFOPLIST_FILE = "Retro Calculator/Info.plist";
				LD_RUNPATH_SEARCH_PATHS = "$(inherited) @executable_path/Frameworks";
				PRODUCT_BUNDLE_IDENTIFIER = "Sean.Retro-Calculator";
				PRODUCT_NAME = "$(TARGET_NAME)";
			};
			name = Debug;
		};
		9176AD8C1CBFAAEA0053D0BC /* Release */ = {
			isa = XCBuildConfiguration;
			buildSettings = {
				ASSETCATALOG_COMPILER_APPICON_NAME = AppIcon;
				INFOPLIST_FILE = "Retro Calculator/Info.plist";
				LD_RUNPATH_SEARCH_PATHS = "$(inherited) @executable_path/Frameworks";
				PRODUCT_BUNDLE_IDENTIFIER = "Sean.Retro-Calculator";
				PRODUCT_NAME = "$(TARGET_NAME)";
			};
			name = Release;
		};
/* End XCBuildConfiguration section */

/* Begin XCConfigurationList section */
		9176AD731CBFAAEA0053D0BC /* Build configuration list for PBXProject "Retro Calculator" */ = {
			isa = XCConfigurationList;
			buildConfigurations = (
				9176AD881CBFAAEA0053D0BC /* Debug */,
				9176AD891CBFAAEA0053D0BC /* Release */,
			);
			defaultConfigurationIsVisible = 0;
			defaultConfigurationName = Release;
		};
		9176AD8A1CBFAAEA0053D0BC /* Build configuration list for PBXNativeTarget "Retro Calculator" */ = {
			isa = XCConfigurationList;
			buildConfigurations = (
				9176AD8B1CBFAAEA0053D0BC /* Debug */,
				9176AD8C1CBFAAEA0053D0BC /* Release */,
			);
			defaultConfigurationIsVisible = 0;
			defaultConfigurationName = Release;
		};
/* End XCConfigurationList section */
	};
	rootObject = 9176AD701CBFAAEA0053D0BC /* Project object */;
}
